
Microsoft Visual Studio Solution File, Format Version 12.00
Project("{FAE04EC0-301F-11D3-BF4B-00C04F79EFBC}") = "PixelGrid.Client", "PixelGrid.Client\PixelGrid.Client.csproj", "{51FEAE39-BF1A-4B3D-98DF-D1441565F286}"
EndProject
Project("{FAE04EC0-301F-11D3-BF4B-00C04F79EFBC}") = "PixelGrid.Server", "PixelGrid.Server\PixelGrid.Server.csproj", "{14603388-F26B-4A22-B574-655F246FDFD4}"
EndProject
Project("{FAE04EC0-301F-11D3-BF4B-00C04F79EFBC}") = "PixelGrid.Server.Infra", "PixelGrid.Server.Infra\PixelGrid.Server.Infra.csproj", "{1846F812-D5DA-4D1B-97E2-A3EFB0538F0B}"
EndProject
Project("{FAE04EC0-301F-11D3-BF4B-00C04F79EFBC}") = "PixelGrid.Server.Domain", "PixelGrid.Server.Domain\PixelGrid.Server.Domain.csproj", "{D4ED28AB-9427-4F8C-8877-64034C46F350}"
EndProject
Global
	GlobalSection(SolutionConfigurationPlatforms) = preSolution
		Debug|Any CPU = Debug|Any CPU
		Release|Any CPU = Release|Any CPU
	EndGlobalSection
	GlobalSection(ProjectConfigurationPlatforms) = postSolution
		{51FEAE39-BF1A-4B3D-98DF-D1441565F286}.Debug|Any CPU.ActiveCfg = Debug|Any CPU
		{51FEAE39-BF1A-4B3D-98DF-D1441565F286}.Debug|Any CPU.Build.0 = Debug|Any CPU
		{51FEAE39-BF1A-4B3D-98DF-D1441565F286}.Release|Any CPU.ActiveCfg = Release|Any CPU
		{51FEAE39-BF1A-4B3D-98DF-D1441565F286}.Release|Any CPU.Build.0 = Release|Any CPU
		{14603388-F26B-4A22-B574-655F246FDFD4}.Debug|Any CPU.ActiveCfg = Debug|Any CPU
		{14603388-F26B-4A22-B574-655F246FDFD4}.Debug|Any CPU.Build.0 = Debug|Any CPU
		{14603388-F26B-4A22-B574-655F246FDFD4}.Release|Any CPU.ActiveCfg = Release|Any CPU
		{14603388-F26B-4A22-B574-655F246FDFD4}.Release|Any CPU.Build.0 = Release|Any CPU
		{1846F812-D5DA-4D1B-97E2-A3EFB0538F0B}.Debug|Any CPU.ActiveCfg = Debug|Any CPU
		{1846F812-D5DA-4D1B-97E2-A3EFB0538F0B}.Debug|Any CPU.Build.0 = Debug|Any CPU
		{1846F812-D5DA-4D1B-97E2-A3EFB0538F0B}.Release|Any CPU.ActiveCfg = Release|Any CPU
		{1846F812-D5DA-4D1B-97E2-A3EFB0538F0B}.Release|Any CPU.Build.0 = Release|Any CPU
		{D4ED28AB-9427-4F8C-8877-64034C46F350}.Debug|Any CPU.ActiveCfg = Debug|Any CPU
		{D4ED28AB-9427-4F8C-8877-64034C46F350}.Debug|Any CPU.Build.0 = Debug|Any CPU
		{D4ED28AB-9427-4F8C-8877-64034C46F350}.Release|Any CPU.ActiveCfg = Release|Any CPU
		{D4ED28AB-9427-4F8C-8877-64034C46F350}.Release|Any CPU.Build.0 = Release|Any CPU
	EndGlobalSection
EndGlobal
