
Microsoft Visual Studio Solution File, Format Version 12.00
Project("{FAE04EC0-301F-11D3-BF4B-00C04F79EFBC}") = "PixelGrid.Shared", "PixelGrid.Shared\PixelGrid.Shared.csproj", "{42F39823-28C8-47BD-A492-332F8CA15147}"
EndProject
Project("{FAE04EC0-301F-11D3-BF4B-00C04F79EFBC}") = "PixelGrid.Client", "PixelGrid.Client\PixelGrid.Client.csproj", "{3738587C-8A74-4179-B5E0-356B4E205C0F}"
EndProject
Project("{FAE04EC0-301F-11D3-BF4B-00C04F79EFBC}") = "PixelGrid.Api", "PixelGrid.Api\PixelGrid.Api.csproj", "{87D71841-FECC-450C-B919-B0D234221374}"
EndProject
Global
	GlobalSection(SolutionConfigurationPlatforms) = preSolution
		Debug|Any CPU = Debug|Any CPU
		Release|Any CPU = Release|Any CPU
	EndGlobalSection
	GlobalSection(ProjectConfigurationPlatforms) = postSolution
		{42F39823-28C8-47BD-A492-332F8CA15147}.Debug|Any CPU.ActiveCfg = Debug|Any CPU
		{42F39823-28C8-47BD-A492-332F8CA15147}.Debug|Any CPU.Build.0 = Debug|Any CPU
		{42F39823-28C8-47BD-A492-332F8CA15147}.Release|Any CPU.ActiveCfg = Release|Any CPU
		{42F39823-28C8-47BD-A492-332F8CA15147}.Release|Any CPU.Build.0 = Release|Any CPU
		{3738587C-8A74-4179-B5E0-356B4E205C0F}.Debug|Any CPU.ActiveCfg = Debug|Any CPU
		{3738587C-8A74-4179-B5E0-356B4E205C0F}.Debug|Any CPU.Build.0 = Debug|Any CPU
		{3738587C-8A74-4179-B5E0-356B4E205C0F}.Release|Any CPU.ActiveCfg = Release|Any CPU
		{3738587C-8A74-4179-B5E0-356B4E205C0F}.Release|Any CPU.Build.0 = Release|Any CPU
		{87D71841-FECC-450C-B919-B0D234221374}.Debug|Any CPU.ActiveCfg = Debug|Any CPU
		{87D71841-FECC-450C-B919-B0D234221374}.Debug|Any CPU.Build.0 = Debug|Any CPU
		{87D71841-FECC-450C-B919-B0D234221374}.Release|Any CPU.ActiveCfg = Release|Any CPU
		{87D71841-FECC-450C-B919-B0D234221374}.Release|Any CPU.Build.0 = Release|Any CPU
	EndGlobalSection
EndGlobal
