
Microsoft Visual Studio Solution File, Format Version 12.00
Project("{FAE04EC0-301F-11D3-BF4B-00C04F79EFBC}") = "PixelGrid.Client", "PixelGrid.Client\PixelGrid.Client.csproj", "{51FEAE39-BF1A-4B3D-98DF-D1441565F286}"
EndProject
Project("{FAE04EC0-301F-11D3-BF4B-00C04F79EFBC}") = "PixelGrid.Server", "PixelGrid.Server\PixelGrid.Server.csproj", "{14603388-F26B-4A22-B574-655F246FDFD4}"
EndProject
Global
	GlobalSection(SolutionConfigurationPlatforms) = preSolution
		Debug|Any CPU = Debug|Any CPU
		Release|Any CPU = Release|Any CPU
	EndGlobalSection
	GlobalSection(ProjectConfigurationPlatforms) = postSolution
		{51FEAE39-BF1A-4B3D-98DF-D1441565F286}.Debug|Any CPU.ActiveCfg = Debug|Any CPU
		{51FEAE39-BF1A-4B3D-98DF-D1441565F286}.Debug|Any CPU.Build.0 = Debug|Any CPU
		{51FEAE39-BF1A-4B3D-98DF-D1441565F286}.Release|Any CPU.ActiveCfg = Release|Any CPU
		{51FEAE39-BF1A-4B3D-98DF-D1441565F286}.Release|Any CPU.Build.0 = Release|Any CPU
		{14603388-F26B-4A22-B574-655F246FDFD4}.Debug|Any CPU.ActiveCfg = Debug|Any CPU
		{14603388-F26B-4A22-B574-655F246FDFD4}.Debug|Any CPU.Build.0 = Debug|Any CPU
		{14603388-F26B-4A22-B574-655F246FDFD4}.Release|Any CPU.ActiveCfg = Release|Any CPU
		{14603388-F26B-4A22-B574-655F246FDFD4}.Release|Any CPU.Build.0 = Release|Any CPU
	EndGlobalSection
EndGlobal
